
Microsoft Visual Studio Solution File, Format Version 12.00
# Visual Studio Version 17
VisualStudioVersion = 17.7.34031.279
MinimumVisualStudioVersion = 10.0.40219.1
Project("{FAE04EC0-301F-11D3-BF4B-00C04F79EFBC}") = "MidiToArduino", "MidiToArduino\MidiToArduino.csproj", "{31847FE8-BF57-42BF-8BB4-AC82E7C1C753}"
EndProject
Global
	GlobalSection(SolutionConfigurationPlatforms) = preSolution
		Debug|Any CPU = Debug|Any CPU
		Release|Any CPU = Release|Any CPU
	EndGlobalSection
	GlobalSection(ProjectConfigurationPlatforms) = postSolution
		{31847FE8-BF57-42BF-8BB4-AC82E7C1C753}.Debug|Any CPU.ActiveCfg = Debug|Any CPU
		{31847FE8-BF57-42BF-8BB4-AC82E7C1C753}.Debug|Any CPU.Build.0 = Debug|Any CPU
		{31847FE8-BF57-42BF-8BB4-AC82E7C1C753}.Release|Any CPU.ActiveCfg = Release|Any CPU
		{31847FE8-BF57-42BF-8BB4-AC82E7C1C753}.Release|Any CPU.Build.0 = Release|Any CPU
	EndGlobalSection
	GlobalSection(SolutionProperties) = preSolution
		HideSolutionNode = FALSE
	EndGlobalSection
	GlobalSection(ExtensibilityGlobals) = postSolution
		SolutionGuid = {10E2FEFB-629A-46F6-942D-AF0B98E4A9C0}
	EndGlobalSection
EndGlobal
